
Microsoft Visual Studio Solution File, Format Version 12.00
# Visual Studio Version 16
VisualStudioVersion = 16.0.31729.503
MinimumVisualStudioVersion = 10.0.40219.1
Project("{8BC9CEB8-8B4A-11D0-8D11-00A0C91BC942}") = "YVA-2021", "YVA-2021\YVA-2021.vcxproj", "{72830926-4F85-4353-A722-959F3EE5125F}"
EndProject
Project("{8BC9CEB8-8B4A-11D0-8D11-00A0C91BC942}") = "YVA_LIBRARY", "YVA_LIBRARY\YVA_LIBRARY.vcxproj", "{623C125F-8431-4B1E-A602-C54C71933646}"
EndProject
Project("{8BC9CEB8-8B4A-11D0-8D11-00A0C91BC942}") = "YVA_ASEMBLER", "YVA_ASEMBLER\YVA_ASEMBLER.vcxproj", "{DF9471D1-006D-4A11-9600-487FA0099AB3}"
EndProject
Global
	GlobalSection(SolutionConfigurationPlatforms) = preSolution
		Debug|x64 = Debug|x64
		Debug|x86 = Debug|x86
		Release|x64 = Release|x64
		Release|x86 = Release|x86
	EndGlobalSection
	GlobalSection(ProjectConfigurationPlatforms) = postSolution
		{72830926-4F85-4353-A722-959F3EE5125F}.Debug|x64.ActiveCfg = Debug|x64
		{72830926-4F85-4353-A722-959F3EE5125F}.Debug|x64.Build.0 = Debug|x64
		{72830926-4F85-4353-A722-959F3EE5125F}.Debug|x86.ActiveCfg = Debug|Win32
		{72830926-4F85-4353-A722-959F3EE5125F}.Debug|x86.Build.0 = Debug|Win32
		{72830926-4F85-4353-A722-959F3EE5125F}.Release|x64.ActiveCfg = Release|x64
		{72830926-4F85-4353-A722-959F3EE5125F}.Release|x64.Build.0 = Release|x64
		{72830926-4F85-4353-A722-959F3EE5125F}.Release|x86.ActiveCfg = Release|Win32
		{72830926-4F85-4353-A722-959F3EE5125F}.Release|x86.Build.0 = Release|Win32
		{623C125F-8431-4B1E-A602-C54C71933646}.Debug|x64.ActiveCfg = Debug|x64
		{623C125F-8431-4B1E-A602-C54C71933646}.Debug|x64.Build.0 = Debug|x64
		{623C125F-8431-4B1E-A602-C54C71933646}.Debug|x86.ActiveCfg = Debug|Win32
		{623C125F-8431-4B1E-A602-C54C71933646}.Debug|x86.Build.0 = Debug|Win32
		{623C125F-8431-4B1E-A602-C54C71933646}.Release|x64.ActiveCfg = Release|x64
		{623C125F-8431-4B1E-A602-C54C71933646}.Release|x64.Build.0 = Release|x64
		{623C125F-8431-4B1E-A602-C54C71933646}.Release|x86.ActiveCfg = Release|Win32
		{623C125F-8431-4B1E-A602-C54C71933646}.Release|x86.Build.0 = Release|Win32
		{DF9471D1-006D-4A11-9600-487FA0099AB3}.Debug|x64.ActiveCfg = Debug|x64
		{DF9471D1-006D-4A11-9600-487FA0099AB3}.Debug|x64.Build.0 = Debug|x64
		{DF9471D1-006D-4A11-9600-487FA0099AB3}.Debug|x86.ActiveCfg = Debug|Win32
		{DF9471D1-006D-4A11-9600-487FA0099AB3}.Debug|x86.Build.0 = Debug|Win32
		{DF9471D1-006D-4A11-9600-487FA0099AB3}.Release|x64.ActiveCfg = Release|x64
		{DF9471D1-006D-4A11-9600-487FA0099AB3}.Release|x64.Build.0 = Release|x64
		{DF9471D1-006D-4A11-9600-487FA0099AB3}.Release|x86.ActiveCfg = Release|Win32
		{DF9471D1-006D-4A11-9600-487FA0099AB3}.Release|x86.Build.0 = Release|Win32
	EndGlobalSection
	GlobalSection(SolutionProperties) = preSolution
		HideSolutionNode = FALSE
	EndGlobalSection
	GlobalSection(ExtensibilityGlobals) = postSolution
		SolutionGuid = {98162BBC-1E1A-472B-8212-734194EA1F4E}
	EndGlobalSection
EndGlobal
